// !$*UTF8*$!
{
	archiveVersion = 1;
	classes = {
	};
	objectVersion = 46;
	objects = {

/* Begin PBXBuildFile section */
		0B87BD9517032B3F008DCFD9 /* main.cpp in Sources */ = {isa = PBXBuildFile; fileRef = 0B87BD9417032B3F008DCFD9 /* main.cpp */; };
		0B87BD9717032B3F008DCFD9 /* SqliteCarving.1 in CopyFiles */ = {isa = PBXBuildFile; fileRef = 0B87BD9617032B3F008DCFD9 /* SqliteCarving.1 */; };
		0B87BD9F17033029008DCFD9 /* CellParser.cpp in Sources */ = {isa = PBXBuildFile; fileRef = 0B87BD9D17033029008DCFD9 /* CellParser.cpp */; };
		0B8A0FCB17060AFB00D53A34 /* utils.cpp in Sources */ = {isa = PBXBuildFile; fileRef = 0B8A0FC917060AFB00D53A34 /* utils.cpp */; };
		0BB3A7F41711BBA100D0AE56 /* SqliteFileParser.cpp in Sources */ = {isa = PBXBuildFile; fileRef = 0BB3A7F21711BBA100D0AE56 /* SqliteFileParser.cpp */; };
		0BB3A7F71711CC2D00D0AE56 /* SqlitePageParser.cpp in Sources */ = {isa = PBXBuildFile; fileRef = 0BB3A7F51711CC2D00D0AE56 /* SqlitePageParser.cpp */; };
/* End PBXBuildFile section */

/* Begin PBXCopyFilesBuildPhase section */
		0B87BD8F17032B3F008DCFD9 /* CopyFiles */ = {
			isa = PBXCopyFilesBuildPhase;
			buildActionMask = 2147483647;
			dstPath = /usr/share/man/man1/;
			dstSubfolderSpec = 0;
			files = (
				0B87BD9717032B3F008DCFD9 /* SqliteCarving.1 in CopyFiles */,
			);
			runOnlyForDeploymentPostprocessing = 1;
		};
/* End PBXCopyFilesBuildPhase section */

/* Begin PBXFileReference section */
		0B87BD9117032B3F008DCFD9 /* SqliteCarving */ = {isa = PBXFileReference; explicitFileType = "compiled.mach-o.executable"; includeInIndex = 0; path = SqliteCarving; sourceTree = BUILT_PRODUCTS_DIR; };
		0B87BD9417032B3F008DCFD9 /* main.cpp */ = {isa = PBXFileReference; lastKnownFileType = sourcecode.cpp.cpp; path = main.cpp; sourceTree = "<group>"; };
		0B87BD9617032B3F008DCFD9 /* SqliteCarving.1 */ = {isa = PBXFileReference; lastKnownFileType = text.man; path = SqliteCarving.1; sourceTree = "<group>"; };
		0B87BD9D17033029008DCFD9 /* CellParser.cpp */ = {isa = PBXFileReference; fileEncoding = 4; lastKnownFileType = sourcecode.cpp.cpp; path = CellParser.cpp; sourceTree = "<group>"; };
		0B87BD9E17033029008DCFD9 /* CellParser.h */ = {isa = PBXFileReference; fileEncoding = 4; lastKnownFileType = sourcecode.c.h; path = CellParser.h; sourceTree = "<group>"; };
		0B8A0FC917060AFB00D53A34 /* utils.cpp */ = {isa = PBXFileReference; fileEncoding = 4; lastKnownFileType = sourcecode.cpp.cpp; path = utils.cpp; sourceTree = "<group>"; };
		0B8A0FCA17060AFB00D53A34 /* utils.h */ = {isa = PBXFileReference; fileEncoding = 4; lastKnownFileType = sourcecode.c.h; path = utils.h; sourceTree = "<group>"; };
		0BB3A7F21711BBA100D0AE56 /* SqliteFileParser.cpp */ = {isa = PBXFileReference; fileEncoding = 4; lastKnownFileType = sourcecode.cpp.cpp; path = SqliteFileParser.cpp; sourceTree = "<group>"; };
		0BB3A7F31711BBA100D0AE56 /* SqliteFileParser.h */ = {isa = PBXFileReference; fileEncoding = 4; lastKnownFileType = sourcecode.c.h; path = SqliteFileParser.h; sourceTree = "<group>"; };
		0BB3A7F51711CC2D00D0AE56 /* SqlitePageParser.cpp */ = {isa = PBXFileReference; fileEncoding = 4; lastKnownFileType = sourcecode.cpp.cpp; path = SqlitePageParser.cpp; sourceTree = "<group>"; };
		0BB3A7F61711CC2D00D0AE56 /* SqlitePageParser.h */ = {isa = PBXFileReference; fileEncoding = 4; lastKnownFileType = sourcecode.c.h; path = SqlitePageParser.h; sourceTree = "<group>"; };
/* End PBXFileReference section */

/* Begin PBXFrameworksBuildPhase section */
		0B87BD8E17032B3F008DCFD9 /* Frameworks */ = {
			isa = PBXFrameworksBuildPhase;
			buildActionMask = 2147483647;
			files = (
			);
			runOnlyForDeploymentPostprocessing = 0;
		};
/* End PBXFrameworksBuildPhase section */

/* Begin PBXGroup section */
		0B87BD8817032B3F008DCFD9 = {
			isa = PBXGroup;
			children = (
				0B87BD9317032B3F008DCFD9 /* SqliteCarving */,
				0B87BD9217032B3F008DCFD9 /* Products */,
			);
			sourceTree = "<group>";
		};
		0B87BD9217032B3F008DCFD9 /* Products */ = {
			isa = PBXGroup;
			children = (
				0B87BD9117032B3F008DCFD9 /* SqliteCarving */,
			);
			name = Products;
			sourceTree = "<group>";
		};
		0B87BD9317032B3F008DCFD9 /* SqliteCarving */ = {
			isa = PBXGroup;
			children = (
				0B87BD9417032B3F008DCFD9 /* main.cpp */,
				0B87BD9D17033029008DCFD9 /* CellParser.cpp */,
				0B87BD9E17033029008DCFD9 /* CellParser.h */,
				0BB3A7F21711BBA100D0AE56 /* SqliteFileParser.cpp */,
				0BB3A7F31711BBA100D0AE56 /* SqliteFileParser.h */,
				0BB3A7F51711CC2D00D0AE56 /* SqlitePageParser.cpp */,
				0BB3A7F61711CC2D00D0AE56 /* SqlitePageParser.h */,
				0B8A0FC917060AFB00D53A34 /* utils.cpp */,
				0B8A0FCA17060AFB00D53A34 /* utils.h */,
				0B87BD9617032B3F008DCFD9 /* SqliteCarving.1 */,
			);
			path = SqliteCarving;
			sourceTree = "<group>";
		};
/* End PBXGroup section */

/* Begin PBXNativeTarget section */
		0B87BD9017032B3F008DCFD9 /* SqliteCarving */ = {
			isa = PBXNativeTarget;
			buildConfigurationList = 0B87BD9A17032B3F008DCFD9 /* Build configuration list for PBXNativeTarget "SqliteCarving" */;
			buildPhases = (
				0B87BD8D17032B3F008DCFD9 /* Sources */,
				0B87BD8E17032B3F008DCFD9 /* Frameworks */,
				0B87BD8F17032B3F008DCFD9 /* CopyFiles */,
			);
			buildRules = (
			);
			dependencies = (
			);
			name = SqliteCarving;
			productName = SqliteCarving;
			productReference = 0B87BD9117032B3F008DCFD9 /* SqliteCarving */;
			productType = "com.apple.product-type.tool";
		};
/* End PBXNativeTarget section */

/* Begin PBXProject section */
		0B87BD8917032B3F008DCFD9 /* Project object */ = {
			isa = PBXProject;
			attributes = {
				LastUpgradeCheck = 0460;
				ORGANIZATIONNAME = "wenjin choi";
			};
			buildConfigurationList = 0B87BD8C17032B3F008DCFD9 /* Build configuration list for PBXProject "SqliteCarving" */;
			compatibilityVersion = "Xcode 3.2";
			developmentRegion = English;
			hasScannedForEncodings = 0;
			knownRegions = (
				en,
			);
			mainGroup = 0B87BD8817032B3F008DCFD9;
			productRefGroup = 0B87BD9217032B3F008DCFD9 /* Products */;
			projectDirPath = "";
			projectRoot = "";
			targets = (
				0B87BD9017032B3F008DCFD9 /* SqliteCarving */,
			);
		};
/* End PBXProject section */

/* Begin PBXSourcesBuildPhase section */
		0B87BD8D17032B3F008DCFD9 /* Sources */ = {
			isa = PBXSourcesBuildPhase;
			buildActionMask = 2147483647;
			files = (
				0B87BD9517032B3F008DCFD9 /* main.cpp in Sources */,
				0B87BD9F17033029008DCFD9 /* CellParser.cpp in Sources */,
				0B8A0FCB17060AFB00D53A34 /* utils.cpp in Sources */,
				0BB3A7F41711BBA100D0AE56 /* SqliteFileParser.cpp in Sources */,
				0BB3A7F71711CC2D00D0AE56 /* SqlitePageParser.cpp in Sources */,
			);
			runOnlyForDeploymentPostprocessing = 0;
		};
/* End PBXSourcesBuildPhase section */

/* Begin XCBuildConfiguration section */
		0B87BD9817032B3F008DCFD9 /* Debug */ = {
			isa = XCBuildConfiguration;
			buildSettings = {
				ALWAYS_SEARCH_USER_PATHS = NO;
				ARCHS = "$(ARCHS_STANDARD_64_BIT)";
				CLANG_CXX_LANGUAGE_STANDARD = "gnu++0x";
				CLANG_CXX_LIBRARY = "libc++";
				CLANG_WARN_CONSTANT_CONVERSION = YES;
				CLANG_WARN_EMPTY_BODY = YES;
				CLANG_WARN_ENUM_CONVERSION = YES;
				CLANG_WARN_INT_CONVERSION = YES;
				CLANG_WARN__DUPLICATE_METHOD_MATCH = YES;
				COPY_PHASE_STRIP = NO;
				GCC_C_LANGUAGE_STANDARD = gnu99;
				GCC_DYNAMIC_NO_PIC = NO;
				GCC_ENABLE_OBJC_EXCEPTIONS = YES;
				GCC_OPTIMIZATION_LEVEL = 0;
				GCC_PREPROCESSOR_DEFINITIONS = (
					"DEBUG=1",
					"$(inherited)",
				);
				GCC_SYMBOLS_PRIVATE_EXTERN = NO;
				GCC_WARN_64_TO_32_BIT_CONVERSION = YES;
				GCC_WARN_ABOUT_RETURN_TYPE = YES;
				GCC_WARN_UNINITIALIZED_AUTOS = YES;
				GCC_WARN_UNUSED_VARIABLE = YES;
				MACOSX_DEPLOYMENT_TARGET = 10.7;
				ONLY_ACTIVE_ARCH = YES;
				SDKROOT = macosx;
			};
			name = Debug;
		};
		0B87BD9917032B3F008DCFD9 /* Release */ = {
			isa = XCBuildConfiguration;
			buildSettings = {
				ALWAYS_SEARCH_USER_PATHS = NO;
				ARCHS = "$(ARCHS_STANDARD_64_BIT)";
				CLANG_CXX_LANGUAGE_STANDARD = "gnu++0x";
				CLANG_CXX_LIBRARY = "libc++";
				CLANG_WARN_CONSTANT_CONVERSION = YES;
				CLANG_WARN_EMPTY_BODY = YES;
				CLANG_WARN_ENUM_CONVERSION = YES;
				CLANG_WARN_INT_CONVERSION = YES;
				CLANG_WARN__DUPLICATE_METHOD_MATCH = YES;
				COPY_PHASE_STRIP = YES;
				DEBUG_INFORMATION_FORMAT = "dwarf-with-dsym";
				GCC_C_LANGUAGE_STANDARD = gnu99;
				GCC_ENABLE_OBJC_EXCEPTIONS = YES;
				GCC_WARN_64_TO_32_BIT_CONVERSION = YES;
				GCC_WARN_ABOUT_RETURN_TYPE = YES;
				GCC_WARN_UNINITIALIZED_AUTOS = YES;
				GCC_WARN_UNUSED_VARIABLE = YES;
				MACOSX_DEPLOYMENT_TARGET = 10.7;
				SDKROOT = macosx;
			};
			name = Release;
		};
		0B87BD9B17032B3F008DCFD9 /* Debug */ = {
			isa = XCBuildConfiguration;
			buildSettings = {
				PRODUCT_NAME = "$(TARGET_NAME)";
			};
			name = Debug;
		};
		0B87BD9C17032B3F008DCFD9 /* Release */ = {
			isa = XCBuildConfiguration;
			buildSettings = {
				PRODUCT_NAME = "$(TARGET_NAME)";
			};
			name = Release;
		};
/* End XCBuildConfiguration section */

/* Begin XCConfigurationList section */
		0B87BD8C17032B3F008DCFD9 /* Build configuration list for PBXProject "SqliteCarving" */ = {
			isa = XCConfigurationList;
			buildConfigurations = (
				0B87BD9817032B3F008DCFD9 /* Debug */,
				0B87BD9917032B3F008DCFD9 /* Release */,
			);
			defaultConfigurationIsVisible = 0;
			defaultConfigurationName = Release;
		};
		0B87BD9A17032B3F008DCFD9 /* Build configuration list for PBXNativeTarget "SqliteCarving" */ = {
			isa = XCConfigurationList;
			buildConfigurations = (
				0B87BD9B17032B3F008DCFD9 /* Debug */,
				0B87BD9C17032B3F008DCFD9 /* Release */,
			);
			defaultConfigurationIsVisible = 0;
			defaultConfigurationName = Release;
		};
/* End XCConfigurationList section */
	};
	rootObject = 0B87BD8917032B3F008DCFD9 /* Project object */;
}
